
Microsoft Visual Studio Solution File, Format Version 12.00
# Visual Studio Version 17
VisualStudioVersion = 17.2.32516.85
MinimumVisualStudioVersion = 10.0.40219.1
Project("{FAE04EC0-301F-11D3-BF4B-00C04F79EFBC}") = "UncannyUpdater", "UncannyUpdater\UncannyUpdater.csproj", "{91EB670F-61B5-4A14-B866-8A88EAAD594E}"
EndProject
Global
	GlobalSection(SolutionConfigurationPlatforms) = preSolution
		Debug|Any CPU = Debug|Any CPU
		Release|Any CPU = Release|Any CPU
	EndGlobalSection
	GlobalSection(ProjectConfigurationPlatforms) = postSolution
		{91EB670F-61B5-4A14-B866-8A88EAAD594E}.Debug|Any CPU.ActiveCfg = Debug|Any CPU
		{91EB670F-61B5-4A14-B866-8A88EAAD594E}.Debug|Any CPU.Build.0 = Debug|Any CPU
		{91EB670F-61B5-4A14-B866-8A88EAAD594E}.Release|Any CPU.ActiveCfg = Release|Any CPU
		{91EB670F-61B5-4A14-B866-8A88EAAD594E}.Release|Any CPU.Build.0 = Release|Any CPU
	EndGlobalSection
	GlobalSection(SolutionProperties) = preSolution
		HideSolutionNode = FALSE
	EndGlobalSection
	GlobalSection(ExtensibilityGlobals) = postSolution
		SolutionGuid = {4C674CBE-EEBE-4025-8D42-6A3DD81F5B5D}
	EndGlobalSection
EndGlobal
